
Microsoft Visual Studio Solution File, Format Version 12.00
# Visual Studio Version 16
VisualStudioVersion = 16.0.31624.102
MinimumVisualStudioVersion = 10.0.40219.1
Project("{FAE04EC0-301F-11D3-BF4B-00C04F79EFBC}") = "S4_DPA_EFCore.CodeFirst", "S4_DPA_EFCore.CodeFirst\S4_DPA_EFCore.CodeFirst.csproj", "{F1294CEE-1D00-4DA5-85D4-3CF4FEE8001B}"
EndProject
Global
	GlobalSection(SolutionConfigurationPlatforms) = preSolution
		Debug|Any CPU = Debug|Any CPU
		Release|Any CPU = Release|Any CPU
	EndGlobalSection
	GlobalSection(ProjectConfigurationPlatforms) = postSolution
		{F1294CEE-1D00-4DA5-85D4-3CF4FEE8001B}.Debug|Any CPU.ActiveCfg = Debug|Any CPU
		{F1294CEE-1D00-4DA5-85D4-3CF4FEE8001B}.Debug|Any CPU.Build.0 = Debug|Any CPU
		{F1294CEE-1D00-4DA5-85D4-3CF4FEE8001B}.Release|Any CPU.ActiveCfg = Release|Any CPU
		{F1294CEE-1D00-4DA5-85D4-3CF4FEE8001B}.Release|Any CPU.Build.0 = Release|Any CPU
	EndGlobalSection
	GlobalSection(SolutionProperties) = preSolution
		HideSolutionNode = FALSE
	EndGlobalSection
	GlobalSection(ExtensibilityGlobals) = postSolution
		SolutionGuid = {4B2FF91D-93CB-434F-B09F-271147E4D93F}
	EndGlobalSection
EndGlobal
